
Microsoft Visual Studio Solution File, Format Version 12.00
# Visual Studio Version 16
VisualStudioVersion = 16.0.30406.217
MinimumVisualStudioVersion = 10.0.40219.1
Project("{9A19103F-16F7-4668-BE54-9A1E7A4F7556}") = "AisHubToComsosDBFunction", "AisHubToComsosDBFunction.csproj", "{EF576BCC-CA80-4EB5-BADB-B545803B726A}"
EndProject
Global
	GlobalSection(SolutionConfigurationPlatforms) = preSolution
		Debug|Any CPU = Debug|Any CPU
		Release|Any CPU = Release|Any CPU
	EndGlobalSection
	GlobalSection(ProjectConfigurationPlatforms) = postSolution
		{EF576BCC-CA80-4EB5-BADB-B545803B726A}.Debug|Any CPU.ActiveCfg = Debug|Any CPU
		{EF576BCC-CA80-4EB5-BADB-B545803B726A}.Debug|Any CPU.Build.0 = Debug|Any CPU
		{EF576BCC-CA80-4EB5-BADB-B545803B726A}.Release|Any CPU.ActiveCfg = Release|Any CPU
		{EF576BCC-CA80-4EB5-BADB-B545803B726A}.Release|Any CPU.Build.0 = Release|Any CPU
	EndGlobalSection
	GlobalSection(SolutionProperties) = preSolution
		HideSolutionNode = FALSE
	EndGlobalSection
	GlobalSection(ExtensibilityGlobals) = postSolution
		SolutionGuid = {9A1BE1EB-0537-49DB-AD88-D3C61EFF8829}
	EndGlobalSection
EndGlobal
